
Microsoft Visual Studio Solution File, Format Version 12.00
# Visual Studio Version 17
VisualStudioVersion = 17.8.34309.116
MinimumVisualStudioVersion = 10.0.40219.1
Project("{FAE04EC0-301F-11D3-BF4B-00C04F79EFBC}") = "Little John's Adventure", "Little John's Adventure.csproj", "{9463AA82-3408-4D71-80F1-B0ED0456D649}"
EndProject
Global
	GlobalSection(SolutionConfigurationPlatforms) = preSolution
		Debug|Any CPU = Debug|Any CPU
		Release|Any CPU = Release|Any CPU
	EndGlobalSection
	GlobalSection(ProjectConfigurationPlatforms) = postSolution
		{9463AA82-3408-4D71-80F1-B0ED0456D649}.Debug|Any CPU.ActiveCfg = Debug|Any CPU
		{9463AA82-3408-4D71-80F1-B0ED0456D649}.Debug|Any CPU.Build.0 = Debug|Any CPU
		{9463AA82-3408-4D71-80F1-B0ED0456D649}.Release|Any CPU.ActiveCfg = Release|Any CPU
		{9463AA82-3408-4D71-80F1-B0ED0456D649}.Release|Any CPU.Build.0 = Release|Any CPU
	EndGlobalSection
	GlobalSection(SolutionProperties) = preSolution
		HideSolutionNode = FALSE
	EndGlobalSection
	GlobalSection(ExtensibilityGlobals) = postSolution
		SolutionGuid = {33BEE888-50FF-4DFA-ADF6-44DEED80DEFB}
	EndGlobalSection
EndGlobal
